
Microsoft Visual Studio Solution File, Format Version 12.00
Project("{FAE04EC0-301F-11D3-BF4B-00C04F79EFBC}") = "WebApplication7", "WebApplication7\WebApplication7.csproj", "{120059A5-3A45-4019-A9F3-83CD0605B07A}"
EndProject
Global
	GlobalSection(SolutionConfigurationPlatforms) = preSolution
		Debug|Any CPU = Debug|Any CPU
		Release|Any CPU = Release|Any CPU
	EndGlobalSection
	GlobalSection(ProjectConfigurationPlatforms) = postSolution
		{120059A5-3A45-4019-A9F3-83CD0605B07A}.Debug|Any CPU.ActiveCfg = Debug|Any CPU
		{120059A5-3A45-4019-A9F3-83CD0605B07A}.Debug|Any CPU.Build.0 = Debug|Any CPU
		{120059A5-3A45-4019-A9F3-83CD0605B07A}.Release|Any CPU.ActiveCfg = Release|Any CPU
		{120059A5-3A45-4019-A9F3-83CD0605B07A}.Release|Any CPU.Build.0 = Release|Any CPU
	EndGlobalSection
EndGlobal
